
Microsoft Visual Studio Solution File, Format Version 12.00
# Visual Studio 15
VisualStudioVersion = 15.0.26124.0
MinimumVisualStudioVersion = 15.0.26124.0
Project("{FAE04EC0-301F-11D3-BF4B-00C04F79EFBC}") = "API", "API\API.csproj", "{1CCD170E-29F0-4E16-8CEC-784D308A8C94}"
EndProject
Project("{FAE04EC0-301F-11D3-BF4B-00C04F79EFBC}") = "Core", "Core\Core.csproj", "{8BE5065A-B2E5-4671-B971-4DC7D4310A19}"
EndProject
Project("{FAE04EC0-301F-11D3-BF4B-00C04F79EFBC}") = "Infrastructure", "Infrastructure\Infrastructure.csproj", "{95B0064C-AC54-4D85-88CE-6D0AA8DDB43F}"
EndProject
Global
	GlobalSection(SolutionConfigurationPlatforms) = preSolution
		Debug|Any CPU = Debug|Any CPU
		Debug|x64 = Debug|x64
		Debug|x86 = Debug|x86
		Release|Any CPU = Release|Any CPU
		Release|x64 = Release|x64
		Release|x86 = Release|x86
	EndGlobalSection
	GlobalSection(SolutionProperties) = preSolution
		HideSolutionNode = FALSE
	EndGlobalSection
	GlobalSection(ProjectConfigurationPlatforms) = postSolution
		{1CCD170E-29F0-4E16-8CEC-784D308A8C94}.Debug|Any CPU.ActiveCfg = Debug|Any CPU
		{1CCD170E-29F0-4E16-8CEC-784D308A8C94}.Debug|Any CPU.Build.0 = Debug|Any CPU
		{1CCD170E-29F0-4E16-8CEC-784D308A8C94}.Debug|x64.ActiveCfg = Debug|Any CPU
		{1CCD170E-29F0-4E16-8CEC-784D308A8C94}.Debug|x64.Build.0 = Debug|Any CPU
		{1CCD170E-29F0-4E16-8CEC-784D308A8C94}.Debug|x86.ActiveCfg = Debug|Any CPU
		{1CCD170E-29F0-4E16-8CEC-784D308A8C94}.Debug|x86.Build.0 = Debug|Any CPU
		{1CCD170E-29F0-4E16-8CEC-784D308A8C94}.Release|Any CPU.ActiveCfg = Release|Any CPU
		{1CCD170E-29F0-4E16-8CEC-784D308A8C94}.Release|Any CPU.Build.0 = Release|Any CPU
		{1CCD170E-29F0-4E16-8CEC-784D308A8C94}.Release|x64.ActiveCfg = Release|Any CPU
		{1CCD170E-29F0-4E16-8CEC-784D308A8C94}.Release|x64.Build.0 = Release|Any CPU
		{1CCD170E-29F0-4E16-8CEC-784D308A8C94}.Release|x86.ActiveCfg = Release|Any CPU
		{1CCD170E-29F0-4E16-8CEC-784D308A8C94}.Release|x86.Build.0 = Release|Any CPU
		{8BE5065A-B2E5-4671-B971-4DC7D4310A19}.Debug|Any CPU.ActiveCfg = Debug|Any CPU
		{8BE5065A-B2E5-4671-B971-4DC7D4310A19}.Debug|Any CPU.Build.0 = Debug|Any CPU
		{8BE5065A-B2E5-4671-B971-4DC7D4310A19}.Debug|x64.ActiveCfg = Debug|Any CPU
		{8BE5065A-B2E5-4671-B971-4DC7D4310A19}.Debug|x64.Build.0 = Debug|Any CPU
		{8BE5065A-B2E5-4671-B971-4DC7D4310A19}.Debug|x86.ActiveCfg = Debug|Any CPU
		{8BE5065A-B2E5-4671-B971-4DC7D4310A19}.Debug|x86.Build.0 = Debug|Any CPU
		{8BE5065A-B2E5-4671-B971-4DC7D4310A19}.Release|Any CPU.ActiveCfg = Release|Any CPU
		{8BE5065A-B2E5-4671-B971-4DC7D4310A19}.Release|Any CPU.Build.0 = Release|Any CPU
		{8BE5065A-B2E5-4671-B971-4DC7D4310A19}.Release|x64.ActiveCfg = Release|Any CPU
		{8BE5065A-B2E5-4671-B971-4DC7D4310A19}.Release|x64.Build.0 = Release|Any CPU
		{8BE5065A-B2E5-4671-B971-4DC7D4310A19}.Release|x86.ActiveCfg = Release|Any CPU
		{8BE5065A-B2E5-4671-B971-4DC7D4310A19}.Release|x86.Build.0 = Release|Any CPU
		{95B0064C-AC54-4D85-88CE-6D0AA8DDB43F}.Debug|Any CPU.ActiveCfg = Debug|Any CPU
		{95B0064C-AC54-4D85-88CE-6D0AA8DDB43F}.Debug|Any CPU.Build.0 = Debug|Any CPU
		{95B0064C-AC54-4D85-88CE-6D0AA8DDB43F}.Debug|x64.ActiveCfg = Debug|Any CPU
		{95B0064C-AC54-4D85-88CE-6D0AA8DDB43F}.Debug|x64.Build.0 = Debug|Any CPU
		{95B0064C-AC54-4D85-88CE-6D0AA8DDB43F}.Debug|x86.ActiveCfg = Debug|Any CPU
		{95B0064C-AC54-4D85-88CE-6D0AA8DDB43F}.Debug|x86.Build.0 = Debug|Any CPU
		{95B0064C-AC54-4D85-88CE-6D0AA8DDB43F}.Release|Any CPU.ActiveCfg = Release|Any CPU
		{95B0064C-AC54-4D85-88CE-6D0AA8DDB43F}.Release|Any CPU.Build.0 = Release|Any CPU
		{95B0064C-AC54-4D85-88CE-6D0AA8DDB43F}.Release|x64.ActiveCfg = Release|Any CPU
		{95B0064C-AC54-4D85-88CE-6D0AA8DDB43F}.Release|x64.Build.0 = Release|Any CPU
		{95B0064C-AC54-4D85-88CE-6D0AA8DDB43F}.Release|x86.ActiveCfg = Release|Any CPU
		{95B0064C-AC54-4D85-88CE-6D0AA8DDB43F}.Release|x86.Build.0 = Release|Any CPU
	EndGlobalSection
EndGlobal
